
Microsoft Visual Studio Solution File, Format Version 11.00
# Visual Studio 2010
Project("{FAE04EC0-301F-11D3-BF4B-00C04F79EFBC}") = "Selfiesh cat", "Assembly-CSharp.csproj", "{550DFF8D-97E7-9857-7875-9B4B879576CB}"
EndProject
Global
	GlobalSection(SolutionConfigurationPlatforms) = preSolution
		Debug|Any CPU = Debug|Any CPU
		Release|Any CPU = Release|Any CPU
	EndGlobalSection
	GlobalSection(ProjectConfigurationPlatforms) = postSolution
		{550DFF8D-97E7-9857-7875-9B4B879576CB}.Debug|Any CPU.ActiveCfg = Debug|Any CPU
		{550DFF8D-97E7-9857-7875-9B4B879576CB}.Debug|Any CPU.Build.0 = Debug|Any CPU
		{550DFF8D-97E7-9857-7875-9B4B879576CB}.Release|Any CPU.ActiveCfg = Release|Any CPU
		{550DFF8D-97E7-9857-7875-9B4B879576CB}.Release|Any CPU.Build.0 = Release|Any CPU
	EndGlobalSection
	GlobalSection(SolutionProperties) = preSolution
		HideSolutionNode = FALSE
	EndGlobalSection
	GlobalSection(MonoDevelopProperties) = preSolution
		StartupItem = Assembly-CSharp.csproj
	EndGlobalSection
EndGlobal
